
Microsoft Visual Studio Solution File, Format Version 12.00
# Visual Studio Version 17
VisualStudioVersion = 17.9.34723.18
MinimumVisualStudioVersion = 10.0.40219.1
Project("{9A19103F-16F7-4668-BE54-9A1E7A4F7556}") = "Infraestructure", "Infraestructure\Infraestructure.csproj", "{3A86B01B-C8CD-49EB-AC2A-E6F6807C3974}"
EndProject
Project("{9A19103F-16F7-4668-BE54-9A1E7A4F7556}") = "Core", "Core\Core.csproj", "{61EEE244-528A-4664-916C-391CE3DF0874}"
EndProject
Project("{FAE04EC0-301F-11D3-BF4B-00C04F79EFBC}") = "ApplicationProject", "ApplicationProject\ApplicationProject.csproj", "{5EECE601-FEBC-4A02-A1A6-CBBD04B90B36}"
EndProject
Global
	GlobalSection(SolutionConfigurationPlatforms) = preSolution
		Debug|Any CPU = Debug|Any CPU
		Release|Any CPU = Release|Any CPU
	EndGlobalSection
	GlobalSection(ProjectConfigurationPlatforms) = postSolution
		{3A86B01B-C8CD-49EB-AC2A-E6F6807C3974}.Debug|Any CPU.ActiveCfg = Debug|Any CPU
		{3A86B01B-C8CD-49EB-AC2A-E6F6807C3974}.Debug|Any CPU.Build.0 = Debug|Any CPU
		{3A86B01B-C8CD-49EB-AC2A-E6F6807C3974}.Release|Any CPU.ActiveCfg = Release|Any CPU
		{3A86B01B-C8CD-49EB-AC2A-E6F6807C3974}.Release|Any CPU.Build.0 = Release|Any CPU
		{61EEE244-528A-4664-916C-391CE3DF0874}.Debug|Any CPU.ActiveCfg = Debug|Any CPU
		{61EEE244-528A-4664-916C-391CE3DF0874}.Debug|Any CPU.Build.0 = Debug|Any CPU
		{61EEE244-528A-4664-916C-391CE3DF0874}.Release|Any CPU.ActiveCfg = Release|Any CPU
		{61EEE244-528A-4664-916C-391CE3DF0874}.Release|Any CPU.Build.0 = Release|Any CPU
		{5EECE601-FEBC-4A02-A1A6-CBBD04B90B36}.Debug|Any CPU.ActiveCfg = Debug|Any CPU
		{5EECE601-FEBC-4A02-A1A6-CBBD04B90B36}.Debug|Any CPU.Build.0 = Debug|Any CPU
		{5EECE601-FEBC-4A02-A1A6-CBBD04B90B36}.Release|Any CPU.ActiveCfg = Release|Any CPU
		{5EECE601-FEBC-4A02-A1A6-CBBD04B90B36}.Release|Any CPU.Build.0 = Release|Any CPU
	EndGlobalSection
	GlobalSection(SolutionProperties) = preSolution
		HideSolutionNode = FALSE
	EndGlobalSection
	GlobalSection(ExtensibilityGlobals) = postSolution
		SolutionGuid = {500321C9-CA94-4C35-A599-4810DB6BB1D4}
	EndGlobalSection
EndGlobal
